
Microsoft Visual Studio Solution File, Format Version 12.00
# Visual Studio 2013
VisualStudioVersion = 12.0.30501.0
MinimumVisualStudioVersion = 10.0.40219.1
Project("{FAE04EC0-301F-11D3-BF4B-00C04F79EFBC}") = "WebeOutrasCoisas.Chat.Web", "WebeOutrasCoisas.Chat.Web\WebeOutrasCoisas.Chat.Web.csproj", "{BE66486B-5F8C-451E-916D-0C0FE1C89C9F}"
EndProject
Project("{FAE04EC0-301F-11D3-BF4B-00C04F79EFBC}") = "WebeOutrasCoisas.Chat.Tests", "WebeOutrasCoisas.Chat.Tests\WebeOutrasCoisas.Chat.Tests.csproj", "{AE9D9A20-E708-445B-A657-E3829270C201}"
EndProject
Project("{2150E333-8FDC-42A3-9474-1A3956D46DE8}") = "PublishScripts", "PublishScripts", "{F0C54103-7289-4D3B-8E5D-F30E0F21E6A6}"
	ProjectSection(SolutionItems) = preProject
		PublishScripts\AzureWebsitePublishModule.psm1 = PublishScripts\AzureWebsitePublishModule.psm1
		PublishScripts\Publish-WebApplicationWebsite.ps1 = PublishScripts\Publish-WebApplicationWebsite.ps1
	EndProjectSection
EndProject
Project("{2150E333-8FDC-42A3-9474-1A3956D46DE8}") = "Configurations", "Configurations", "{EA8DDAEE-9767-40CE-9E6D-1F71502B74CD}"
	ProjectSection(SolutionItems) = preProject
		PublishScripts\Configurations\WebeOutrasCoisasChatWeb-WAWS-dev.json = PublishScripts\Configurations\WebeOutrasCoisasChatWeb-WAWS-dev.json
	EndProjectSection
EndProject
Global
	GlobalSection(SolutionConfigurationPlatforms) = preSolution
		Debug|Any CPU = Debug|Any CPU
		Release|Any CPU = Release|Any CPU
	EndGlobalSection
	GlobalSection(ProjectConfigurationPlatforms) = postSolution
		{BE66486B-5F8C-451E-916D-0C0FE1C89C9F}.Debug|Any CPU.ActiveCfg = Debug|Any CPU
		{BE66486B-5F8C-451E-916D-0C0FE1C89C9F}.Debug|Any CPU.Build.0 = Debug|Any CPU
		{BE66486B-5F8C-451E-916D-0C0FE1C89C9F}.Release|Any CPU.ActiveCfg = Release|Any CPU
		{BE66486B-5F8C-451E-916D-0C0FE1C89C9F}.Release|Any CPU.Build.0 = Release|Any CPU
		{AE9D9A20-E708-445B-A657-E3829270C201}.Debug|Any CPU.ActiveCfg = Debug|Any CPU
		{AE9D9A20-E708-445B-A657-E3829270C201}.Debug|Any CPU.Build.0 = Debug|Any CPU
		{AE9D9A20-E708-445B-A657-E3829270C201}.Release|Any CPU.ActiveCfg = Release|Any CPU
		{AE9D9A20-E708-445B-A657-E3829270C201}.Release|Any CPU.Build.0 = Release|Any CPU
	EndGlobalSection
	GlobalSection(SolutionProperties) = preSolution
		HideSolutionNode = FALSE
	EndGlobalSection
	GlobalSection(NestedProjects) = preSolution
		{EA8DDAEE-9767-40CE-9E6D-1F71502B74CD} = {F0C54103-7289-4D3B-8E5D-F30E0F21E6A6}
	EndGlobalSection
EndGlobal
